
Microsoft Visual Studio Solution File, Format Version 12.00
# Visual Studio Version 16
VisualStudioVersion = 16.0.30114.105
MinimumVisualStudioVersion = 10.0.40219.1
Project("{2150E333-8FDC-42A3-9474-1A3956D46DE8}") = "src", "src", "{02852042-88DA-4445-9A5C-AE87603E9C8C}"
EndProject
Project("{2150E333-8FDC-42A3-9474-1A3956D46DE8}") = "API", "API", "{C2F5F8F0-B4A0-4DB8-8B16-7C5E9E4CE1B4}"
EndProject
Project("{FAE04EC0-301F-11D3-BF4B-00C04F79EFBC}") = "API", "src\API\src\API.csproj", "{EB10C938-FFDE-4C81-BD32-94718FA98DD2}"
EndProject
Project("{2150E333-8FDC-42A3-9474-1A3956D46DE8}") = "Core", "Core", "{B6A5CEAC-F98E-4186-A428-67960D17B9F5}"
EndProject
Project("{FAE04EC0-301F-11D3-BF4B-00C04F79EFBC}") = "Core", "src\Core\src\Core.csproj", "{EC66EE82-86BD-4A71-8426-CD57E421DD2C}"
EndProject
Project("{FAE04EC0-301F-11D3-BF4B-00C04F79EFBC}") = "Core.Test", "src\Core\test\Core.Test.csproj", "{9DB13FE9-19C2-4D84-8A7E-621D8BCC8662}"
EndProject
Global
	GlobalSection(SolutionConfigurationPlatforms) = preSolution
		Debug|Any CPU = Debug|Any CPU
		Release|Any CPU = Release|Any CPU
	EndGlobalSection
	GlobalSection(SolutionProperties) = preSolution
		HideSolutionNode = FALSE
	EndGlobalSection
	GlobalSection(ProjectConfigurationPlatforms) = postSolution
		{EB10C938-FFDE-4C81-BD32-94718FA98DD2}.Debug|Any CPU.ActiveCfg = Debug|Any CPU
		{EB10C938-FFDE-4C81-BD32-94718FA98DD2}.Debug|Any CPU.Build.0 = Debug|Any CPU
		{EB10C938-FFDE-4C81-BD32-94718FA98DD2}.Release|Any CPU.ActiveCfg = Release|Any CPU
		{EB10C938-FFDE-4C81-BD32-94718FA98DD2}.Release|Any CPU.Build.0 = Release|Any CPU
		{EC66EE82-86BD-4A71-8426-CD57E421DD2C}.Debug|Any CPU.ActiveCfg = Debug|Any CPU
		{EC66EE82-86BD-4A71-8426-CD57E421DD2C}.Debug|Any CPU.Build.0 = Debug|Any CPU
		{EC66EE82-86BD-4A71-8426-CD57E421DD2C}.Release|Any CPU.ActiveCfg = Release|Any CPU
		{EC66EE82-86BD-4A71-8426-CD57E421DD2C}.Release|Any CPU.Build.0 = Release|Any CPU
		{9DB13FE9-19C2-4D84-8A7E-621D8BCC8662}.Debug|Any CPU.ActiveCfg = Debug|Any CPU
		{9DB13FE9-19C2-4D84-8A7E-621D8BCC8662}.Debug|Any CPU.Build.0 = Debug|Any CPU
		{9DB13FE9-19C2-4D84-8A7E-621D8BCC8662}.Release|Any CPU.ActiveCfg = Release|Any CPU
		{9DB13FE9-19C2-4D84-8A7E-621D8BCC8662}.Release|Any CPU.Build.0 = Release|Any CPU
	EndGlobalSection
	GlobalSection(NestedProjects) = preSolution
		{C2F5F8F0-B4A0-4DB8-8B16-7C5E9E4CE1B4} = {02852042-88DA-4445-9A5C-AE87603E9C8C}
		{EB10C938-FFDE-4C81-BD32-94718FA98DD2} = {C2F5F8F0-B4A0-4DB8-8B16-7C5E9E4CE1B4}
		{B6A5CEAC-F98E-4186-A428-67960D17B9F5} = {02852042-88DA-4445-9A5C-AE87603E9C8C}
		{EC66EE82-86BD-4A71-8426-CD57E421DD2C} = {B6A5CEAC-F98E-4186-A428-67960D17B9F5}
		{9DB13FE9-19C2-4D84-8A7E-621D8BCC8662} = {B6A5CEAC-F98E-4186-A428-67960D17B9F5}
	EndGlobalSection
EndGlobal
